
Microsoft Visual Studio Solution File, Format Version 12.00
# Visual Studio Version 17
VisualStudioVersion = 17.4.33122.133
MinimumVisualStudioVersion = 10.0.40219.1
Project("{FAE04EC0-301F-11D3-BF4B-00C04F79EFBC}") = "Advent2022_Day1", "Advent2022_Day1.csproj", "{7D586C84-0C6B-4DC5-8B62-77CBAF3F7609}"
EndProject
Global
	GlobalSection(SolutionConfigurationPlatforms) = preSolution
		Debug|Any CPU = Debug|Any CPU
		Release|Any CPU = Release|Any CPU
	EndGlobalSection
	GlobalSection(ProjectConfigurationPlatforms) = postSolution
		{7D586C84-0C6B-4DC5-8B62-77CBAF3F7609}.Debug|Any CPU.ActiveCfg = Debug|Any CPU
		{7D586C84-0C6B-4DC5-8B62-77CBAF3F7609}.Debug|Any CPU.Build.0 = Debug|Any CPU
		{7D586C84-0C6B-4DC5-8B62-77CBAF3F7609}.Release|Any CPU.ActiveCfg = Release|Any CPU
		{7D586C84-0C6B-4DC5-8B62-77CBAF3F7609}.Release|Any CPU.Build.0 = Release|Any CPU
	EndGlobalSection
	GlobalSection(SolutionProperties) = preSolution
		HideSolutionNode = FALSE
	EndGlobalSection
	GlobalSection(ExtensibilityGlobals) = postSolution
		SolutionGuid = {0C8131F6-89BF-443C-8D28-0DAE5C36DDE7}
	EndGlobalSection
EndGlobal
